// !$*UTF8*$!
{
	archiveVersion = 1;
	classes = {
	};
	objectVersion = 46;
	objects = {

/* Begin PBXBuildFile section */
		53A0CE4B1FBCC15700083090 /* LaunchScreen.storyboard in Resources */ = {isa = PBXBuildFile; fileRef = 53A0CE471FBCC15600083090 /* LaunchScreen.storyboard */; };
		53A0CE4C1FBCC15700083090 /* Main.storyboard in Resources */ = {isa = PBXBuildFile; fileRef = 53A0CE491FBCC15700083090 /* Main.storyboard */; };
		53A851371FE1D2B90003FE24 /* LoadingPage.xcassets in Resources */ = {isa = PBXBuildFile; fileRef = 53A851361FE1D2B90003FE24 /* LoadingPage.xcassets */; };
		53A8513A1FE1D3460003FE24 /* InfoPlist.strings in Resources */ = {isa = PBXBuildFile; fileRef = 53A851381FE1D3460003FE24 /* InfoPlist.strings */; };
		9C2B0DC1AE4CA46D7B08BB64 /* Pods_Road_Analyzer.framework in Frameworks */ = {isa = PBXBuildFile; fileRef = 7EA0E7EEB63E785AC238E5AA /* Pods_Road_Analyzer.framework */; };
		AF572AFA22C6BEF600D3BF96 /* ViewController.swift in Sources */ = {isa = PBXBuildFile; fileRef = AF572AF822C6BEF600D3BF96 /* ViewController.swift */; };
		AF572AFB22C6BEF600D3BF96 /* AppDelegate.swift in Sources */ = {isa = PBXBuildFile; fileRef = AF572AF922C6BEF600D3BF96 /* AppDelegate.swift */; };
		C805AAFF25C223E4000BE0D9 /* ProfileViewController.swift in Sources */ = {isa = PBXBuildFile; fileRef = C805AAFE25C223E4000BE0D9 /* ProfileViewController.swift */; };
		C818873825BB7CFB00530E06 /* DataCollectorPage.swift in Sources */ = {isa = PBXBuildFile; fileRef = C818873725BB7CFB00530E06 /* DataCollectorPage.swift */; };
		C82844D125EA73E90091BC5B /* ViewControllerPlanner.swift in Sources */ = {isa = PBXBuildFile; fileRef = C82844D025EA73E90091BC5B /* ViewControllerPlanner.swift */; };
		C82844D525EAFAC10091BC5B /* Area.swift in Sources */ = {isa = PBXBuildFile; fileRef = C82844D425EAFAC10091BC5B /* Area.swift */; };
		C82844D825ED775E0091BC5B /* DetailedPlannerViewController.swift in Sources */ = {isa = PBXBuildFile; fileRef = C82844D725ED775E0091BC5B /* DetailedPlannerViewController.swift */; };
		C851DAFD25A2574D0030631A /* GoogleService-Info.plist in Resources */ = {isa = PBXBuildFile; fileRef = C851DAFC25A2574D0030631A /* GoogleService-Info.plist */; };
		C861B88525B1C4C0005F493B /* dataRoad.json in Resources */ = {isa = PBXBuildFile; fileRef = C861B88425B1C4C0005F493B /* dataRoad.json */; };
		C86AA2AB25DEE8B400793391 /* VisionObjectRecognitionViewController.swift in Sources */ = {isa = PBXBuildFile; fileRef = C86AA2AA25DEE8B400793391 /* VisionObjectRecognitionViewController.swift */; };
		C86AA2AE25DEE8EA00793391 /* ViewControllerML.swift in Sources */ = {isa = PBXBuildFile; fileRef = C86AA2AD25DEE8EA00793391 /* ViewControllerML.swift */; };
		C873D5A825BCC07B0006BA33 /* LoginPageViewController.swift in Sources */ = {isa = PBXBuildFile; fileRef = C873D5A725BCC07B0006BA33 /* LoginPageViewController.swift */; };
		C8814F3C25DEFA8600ECDA0F /* ObjectDetector.mlmodel in Sources */ = {isa = PBXBuildFile; fileRef = C8814F3B25DEFA8600ECDA0F /* ObjectDetector.mlmodel */; };
		C8905A4D25FE848100BDBA78 /* LocationManager.swift in Sources */ = {isa = PBXBuildFile; fileRef = C8905A4C25FE848100BDBA78 /* LocationManager.swift */; };
		C8E9F36525AF703E000D35CC /* CHCSVParser.m in Sources */ = {isa = PBXBuildFile; fileRef = C8E9F36425AF703E000D35CC /* CHCSVParser.m */; };
/* End PBXBuildFile section */

/* Begin PBXFileReference section */
		1807C0CF5EDE4CD22AE7B77E /* Pods-Road Analyzer.debug.xcconfig */ = {isa = PBXFileReference; includeInIndex = 1; lastKnownFileType = text.xcconfig; name = "Pods-Road Analyzer.debug.xcconfig"; path = "Target Support Files/Pods-Road Analyzer/Pods-Road Analyzer.debug.xcconfig"; sourceTree = "<group>"; };
		5320B8511AFD59C0008854DF /* Road Analyzer.app */ = {isa = PBXFileReference; explicitFileType = wrapper.application; includeInIndex = 0; path = "Road Analyzer.app"; sourceTree = BUILT_PRODUCTS_DIR; };
		5320B8551AFD59C0008854DF /* Info.plist */ = {isa = PBXFileReference; lastKnownFileType = text.plist.xml; path = Info.plist; sourceTree = "<group>"; };
		53A0CE481FBCC15600083090 /* Base */ = {isa = PBXFileReference; lastKnownFileType = file.storyboard; name = Base; path = Base.lproj/LaunchScreen.storyboard; sourceTree = "<group>"; };
		53A0CE4A1FBCC15700083090 /* Base */ = {isa = PBXFileReference; lastKnownFileType = file.storyboard; name = Base; path = Base.lproj/Main.storyboard; sourceTree = "<group>"; };
		53A851361FE1D2B90003FE24 /* LoadingPage.xcassets */ = {isa = PBXFileReference; lastKnownFileType = folder.assetcatalog; path = LoadingPage.xcassets; sourceTree = "<group>"; };
		53A851391FE1D3460003FE24 /* en */ = {isa = PBXFileReference; lastKnownFileType = text.plist.strings; name = en; path = en.lproj/InfoPlist.strings; sourceTree = "<group>"; };
		6E4FE64A1516F71AF4465DEF /* Pods-PhotoPicker.release.xcconfig */ = {isa = PBXFileReference; includeInIndex = 1; lastKnownFileType = text.xcconfig; name = "Pods-PhotoPicker.release.xcconfig"; path = "Target Support Files/Pods-PhotoPicker/Pods-PhotoPicker.release.xcconfig"; sourceTree = "<group>"; };
		6FE371006FE3BF8000000001 /* SampleCode.xcconfig */ = {isa = PBXFileReference; lastKnownFileType = text.xcconfig; name = SampleCode.xcconfig; path = Configuration/SampleCode.xcconfig; sourceTree = "<group>"; };
		6FE5C0906FE5D9F000000001 /* LICENSE.txt */ = {isa = PBXFileReference; includeInIndex = 1; lastKnownFileType = text; path = LICENSE.txt; sourceTree = "<group>"; };
		7444B0B16EE1C940414A1A77 /* Pods-PhotoPicker.debug.xcconfig */ = {isa = PBXFileReference; includeInIndex = 1; lastKnownFileType = text.xcconfig; name = "Pods-PhotoPicker.debug.xcconfig"; path = "Target Support Files/Pods-PhotoPicker/Pods-PhotoPicker.debug.xcconfig"; sourceTree = "<group>"; };
		7EA0E7EEB63E785AC238E5AA /* Pods_Road_Analyzer.framework */ = {isa = PBXFileReference; explicitFileType = wrapper.framework; includeInIndex = 0; path = Pods_Road_Analyzer.framework; sourceTree = BUILT_PRODUCTS_DIR; };
		AF572AF822C6BEF600D3BF96 /* ViewController.swift */ = {isa = PBXFileReference; fileEncoding = 4; lastKnownFileType = sourcecode.swift; path = ViewController.swift; sourceTree = "<group>"; };
		AF572AF922C6BEF600D3BF96 /* AppDelegate.swift */ = {isa = PBXFileReference; fileEncoding = 4; lastKnownFileType = sourcecode.swift; path = AppDelegate.swift; sourceTree = "<group>"; };
		C805AAFE25C223E4000BE0D9 /* ProfileViewController.swift */ = {isa = PBXFileReference; lastKnownFileType = sourcecode.swift; path = ProfileViewController.swift; sourceTree = "<group>"; };
		C818873725BB7CFB00530E06 /* DataCollectorPage.swift */ = {isa = PBXFileReference; lastKnownFileType = sourcecode.swift; path = DataCollectorPage.swift; sourceTree = "<group>"; };
		C82844D025EA73E90091BC5B /* ViewControllerPlanner.swift */ = {isa = PBXFileReference; lastKnownFileType = sourcecode.swift; path = ViewControllerPlanner.swift; sourceTree = "<group>"; };
		C82844D425EAFAC10091BC5B /* Area.swift */ = {isa = PBXFileReference; lastKnownFileType = sourcecode.swift; path = Area.swift; sourceTree = "<group>"; };
		C82844D725ED775E0091BC5B /* DetailedPlannerViewController.swift */ = {isa = PBXFileReference; lastKnownFileType = sourcecode.swift; path = DetailedPlannerViewController.swift; sourceTree = "<group>"; };
		C851DAFC25A2574D0030631A /* GoogleService-Info.plist */ = {isa = PBXFileReference; fileEncoding = 4; lastKnownFileType = text.plist.xml; path = "GoogleService-Info.plist"; sourceTree = "<group>"; };
		C861B88425B1C4C0005F493B /* dataRoad.json */ = {isa = PBXFileReference; fileEncoding = 4; lastKnownFileType = text.json; path = dataRoad.json; sourceTree = "<group>"; };
		C86AA2AA25DEE8B400793391 /* VisionObjectRecognitionViewController.swift */ = {isa = PBXFileReference; fileEncoding = 4; lastKnownFileType = sourcecode.swift; path = VisionObjectRecognitionViewController.swift; sourceTree = "<group>"; };
		C86AA2AD25DEE8EA00793391 /* ViewControllerML.swift */ = {isa = PBXFileReference; fileEncoding = 4; lastKnownFileType = sourcecode.swift; path = ViewControllerML.swift; sourceTree = "<group>"; };
		C873D5A725BCC07B0006BA33 /* LoginPageViewController.swift */ = {isa = PBXFileReference; lastKnownFileType = sourcecode.swift; path = LoginPageViewController.swift; sourceTree = "<group>"; };
		C8814F3B25DEFA8600ECDA0F /* ObjectDetector.mlmodel */ = {isa = PBXFileReference; lastKnownFileType = file.mlmodel; path = ObjectDetector.mlmodel; sourceTree = "<group>"; };
		C8905A4C25FE848100BDBA78 /* LocationManager.swift */ = {isa = PBXFileReference; lastKnownFileType = sourcecode.swift; path = LocationManager.swift; sourceTree = "<group>"; };
		C8E9F36225AF703D000D35CC /* PhotoPicker-Bridging-Header.h */ = {isa = PBXFileReference; lastKnownFileType = sourcecode.c.h; path = "PhotoPicker-Bridging-Header.h"; sourceTree = "<group>"; };
		C8E9F36325AF703E000D35CC /* CHCSVParser.h */ = {isa = PBXFileReference; fileEncoding = 4; lastKnownFileType = sourcecode.c.h; path = CHCSVParser.h; sourceTree = "<group>"; };
		C8E9F36425AF703E000D35CC /* CHCSVParser.m */ = {isa = PBXFileReference; fileEncoding = 4; lastKnownFileType = sourcecode.c.objc; path = CHCSVParser.m; sourceTree = "<group>"; };
		D75026ECE32A0DDA22F0E16B /* Pods-Road Analyzer.release.xcconfig */ = {isa = PBXFileReference; includeInIndex = 1; lastKnownFileType = text.xcconfig; name = "Pods-Road Analyzer.release.xcconfig"; path = "Target Support Files/Pods-Road Analyzer/Pods-Road Analyzer.release.xcconfig"; sourceTree = "<group>"; };
/* End PBXFileReference section */

/* Begin PBXFrameworksBuildPhase section */
		5320B84E1AFD59C0008854DF /* Frameworks */ = {
			isa = PBXFrameworksBuildPhase;
			buildActionMask = 2147483647;
			files = (
				9C2B0DC1AE4CA46D7B08BB64 /* Pods_Road_Analyzer.framework in Frameworks */,
			);
			runOnlyForDeploymentPostprocessing = 0;
		};
/* End PBXFrameworksBuildPhase section */

/* Begin PBXGroup section */
		3AB19D1A13B4EDE1DC651F08 /* Frameworks */ = {
			isa = PBXGroup;
			children = (
				7EA0E7EEB63E785AC238E5AA /* Pods_Road_Analyzer.framework */,
			);
			name = Frameworks;
			sourceTree = "<group>";
		};
		5320B8481AFD59C0008854DF = {
			isa = PBXGroup;
			children = (
				C8E9F36325AF703E000D35CC /* CHCSVParser.h */,
				C8E9F36425AF703E000D35CC /* CHCSVParser.m */,
				5320B8531AFD59C0008854DF /* PhotoPicker */,
				5320B8521AFD59C0008854DF /* Products */,
				6FE322906FE3233000000001 /* Configuration */,
				6FE5DDB06FE5DBC000000001 /* LICENSE */,
				E1C64A4EF5E6C3375312E4CF /* Pods */,
				3AB19D1A13B4EDE1DC651F08 /* Frameworks */,
				C8E9F36225AF703D000D35CC /* PhotoPicker-Bridging-Header.h */,
			);
			sourceTree = "<group>";
			wrapsLines = 1;
		};
		5320B8521AFD59C0008854DF /* Products */ = {
			isa = PBXGroup;
			children = (
				5320B8511AFD59C0008854DF /* Road Analyzer.app */,
			);
			name = Products;
			sourceTree = "<group>";
		};
		5320B8531AFD59C0008854DF /* PhotoPicker */ = {
			isa = PBXGroup;
			children = (
				AF572AF922C6BEF600D3BF96 /* AppDelegate.swift */,
				C851DAFC25A2574D0030631A /* GoogleService-Info.plist */,
				C86AA2AA25DEE8B400793391 /* VisionObjectRecognitionViewController.swift */,
				C8905A4C25FE848100BDBA78 /* LocationManager.swift */,
				C8814F3B25DEFA8600ECDA0F /* ObjectDetector.mlmodel */,
				C86AA2AD25DEE8EA00793391 /* ViewControllerML.swift */,
				C861B88425B1C4C0005F493B /* dataRoad.json */,
				C818873725BB7CFB00530E06 /* DataCollectorPage.swift */,
				AF572AF822C6BEF600D3BF96 /* ViewController.swift */,
				C805AAFE25C223E4000BE0D9 /* ProfileViewController.swift */,
				C873D5A725BCC07B0006BA33 /* LoginPageViewController.swift */,
				C82844D725ED775E0091BC5B /* DetailedPlannerViewController.swift */,
				C82844D025EA73E90091BC5B /* ViewControllerPlanner.swift */,
				C82844D425EAFAC10091BC5B /* Area.swift */,
				5320B8541AFD59C0008854DF /* Supporting Files */,
			);
			path = PhotoPicker;
			sourceTree = "<group>";
		};
		5320B8541AFD59C0008854DF /* Supporting Files */ = {
			isa = PBXGroup;
			children = (
				53A0CE471FBCC15600083090 /* LaunchScreen.storyboard */,
				53A0CE491FBCC15700083090 /* Main.storyboard */,
				5320B8551AFD59C0008854DF /* Info.plist */,
				53A851381FE1D3460003FE24 /* InfoPlist.strings */,
				53A851361FE1D2B90003FE24 /* LoadingPage.xcassets */,
			);
			name = "Supporting Files";
			sourceTree = "<group>";
		};
		6FE322906FE3233000000001 /* Configuration */ = {
			isa = PBXGroup;
			children = (
				6FE371006FE3BF8000000001 /* SampleCode.xcconfig */,
			);
			name = Configuration;
			sourceTree = "<group>";
		};
		6FE5DDB06FE5DBC000000001 /* LICENSE */ = {
			isa = PBXGroup;
			children = (
				6FE5C0906FE5D9F000000001 /* LICENSE.txt */,
			);
			path = LICENSE;
			sourceTree = "<group>";
		};
		E1C64A4EF5E6C3375312E4CF /* Pods */ = {
			isa = PBXGroup;
			children = (
				7444B0B16EE1C940414A1A77 /* Pods-PhotoPicker.debug.xcconfig */,
				6E4FE64A1516F71AF4465DEF /* Pods-PhotoPicker.release.xcconfig */,
				1807C0CF5EDE4CD22AE7B77E /* Pods-Road Analyzer.debug.xcconfig */,
				D75026ECE32A0DDA22F0E16B /* Pods-Road Analyzer.release.xcconfig */,
			);
			path = Pods;
			sourceTree = "<group>";
		};
/* End PBXGroup section */

/* Begin PBXNativeTarget section */
		5320B8501AFD59C0008854DF /* Road Analyzer */ = {
			isa = PBXNativeTarget;
			buildConfigurationList = 5320B8721AFD59C0008854DF /* Build configuration list for PBXNativeTarget "Road Analyzer" */;
			buildPhases = (
				EF132E3DF4133D0CA8BBF87A /* [CP] Check Pods Manifest.lock */,
				5320B84D1AFD59C0008854DF /* Sources */,
				5320B84E1AFD59C0008854DF /* Frameworks */,
				5320B84F1AFD59C0008854DF /* Resources */,
				DEFF103563E5C2526C3E0C8C /* [CP] Embed Pods Frameworks */,
			);
			buildRules = (
			);
			dependencies = (
			);
			name = "Road Analyzer";
			productName = SimpleApp;
			productReference = 5320B8511AFD59C0008854DF /* Road Analyzer.app */;
			productType = "com.apple.product-type.application";
		};
/* End PBXNativeTarget section */

/* Begin PBXProject section */
		5320B8491AFD59C0008854DF /* Project object */ = {
			isa = PBXProject;
			attributes = {
				LastSwiftMigration = 0700;
				LastSwiftUpdateCheck = 0700;
				LastUpgradeCheck = 1230;
				ORGANIZATIONNAME = Apple;
				TargetAttributes = {
					5320B8501AFD59C0008854DF = {
						CreatedOnToolsVersion = 6.3.1;
						DevelopmentTeam = 24CV3U3X75;
						LastSwiftMigration = 1230;
					};
				};
			};
			buildConfigurationList = 5320B84C1AFD59C0008854DF /* Build configuration list for PBXProject "Road Analyzer" */;
			compatibilityVersion = "Xcode 3.2";
			developmentRegion = en;
			hasScannedForEncodings = 0;
			knownRegions = (
				en,
				Base,
			);
			mainGroup = 5320B8481AFD59C0008854DF;
			productRefGroup = 5320B8521AFD59C0008854DF /* Products */;
			projectDirPath = "";
			projectRoot = "";
			targets = (
				5320B8501AFD59C0008854DF /* Road Analyzer */,
			);
		};
/* End PBXProject section */

/* Begin PBXResourcesBuildPhase section */
		5320B84F1AFD59C0008854DF /* Resources */ = {
			isa = PBXResourcesBuildPhase;
			buildActionMask = 2147483647;
			files = (
				53A851371FE1D2B90003FE24 /* LoadingPage.xcassets in Resources */,
				C861B88525B1C4C0005F493B /* dataRoad.json in Resources */,
				53A8513A1FE1D3460003FE24 /* InfoPlist.strings in Resources */,
				53A0CE4C1FBCC15700083090 /* Main.storyboard in Resources */,
				53A0CE4B1FBCC15700083090 /* LaunchScreen.storyboard in Resources */,
				C851DAFD25A2574D0030631A /* GoogleService-Info.plist in Resources */,
			);
			runOnlyForDeploymentPostprocessing = 0;
		};
/* End PBXResourcesBuildPhase section */

/* Begin PBXShellScriptBuildPhase section */
		DEFF103563E5C2526C3E0C8C /* [CP] Embed Pods Frameworks */ = {
			isa = PBXShellScriptBuildPhase;
			buildActionMask = 2147483647;
			files = (
			);
			inputPaths = (
				"${PODS_ROOT}/Target Support Files/Pods-Road Analyzer/Pods-Road Analyzer-frameworks.sh",
				"${BUILT_PRODUCTS_DIR}/BoringSSL-GRPC/openssl_grpc.framework",
				"${BUILT_PRODUCTS_DIR}/CSV.swift/CSV.framework",
				"${BUILT_PRODUCTS_DIR}/FirebaseAuth/FirebaseAuth.framework",
				"${BUILT_PRODUCTS_DIR}/FirebaseCore/FirebaseCore.framework",
				"${BUILT_PRODUCTS_DIR}/FirebaseCoreDiagnostics/FirebaseCoreDiagnostics.framework",
				"${BUILT_PRODUCTS_DIR}/FirebaseDatabase/FirebaseDatabase.framework",
				"${BUILT_PRODUCTS_DIR}/FirebaseFirestore/FirebaseFirestore.framework",
				"${BUILT_PRODUCTS_DIR}/FirebaseInstallations/FirebaseInstallations.framework",
				"${BUILT_PRODUCTS_DIR}/FirebaseStorage/FirebaseStorage.framework",
				"${BUILT_PRODUCTS_DIR}/GTMSessionFetcher/GTMSessionFetcher.framework",
				"${BUILT_PRODUCTS_DIR}/GoogleDataTransport/GoogleDataTransport.framework",
				"${BUILT_PRODUCTS_DIR}/GoogleUtilities/GoogleUtilities.framework",
				"${BUILT_PRODUCTS_DIR}/PromisesObjC/FBLPromises.framework",
				"${BUILT_PRODUCTS_DIR}/SwiftyJSON/SwiftyJSON.framework",
				"${BUILT_PRODUCTS_DIR}/abseil/absl.framework",
				"${BUILT_PRODUCTS_DIR}/gRPC-C++/grpcpp.framework",
				"${BUILT_PRODUCTS_DIR}/gRPC-Core/grpc.framework",
				"${BUILT_PRODUCTS_DIR}/leveldb-library/leveldb.framework",
				"${BUILT_PRODUCTS_DIR}/nanopb/nanopb.framework",
			);
			name = "[CP] Embed Pods Frameworks";
			outputPaths = (
				"${TARGET_BUILD_DIR}/${FRAMEWORKS_FOLDER_PATH}/openssl_grpc.framework",
				"${TARGET_BUILD_DIR}/${FRAMEWORKS_FOLDER_PATH}/CSV.framework",
				"${TARGET_BUILD_DIR}/${FRAMEWORKS_FOLDER_PATH}/FirebaseAuth.framework",
				"${TARGET_BUILD_DIR}/${FRAMEWORKS_FOLDER_PATH}/FirebaseCore.framework",
				"${TARGET_BUILD_DIR}/${FRAMEWORKS_FOLDER_PATH}/FirebaseCoreDiagnostics.framework",
				"${TARGET_BUILD_DIR}/${FRAMEWORKS_FOLDER_PATH}/FirebaseDatabase.framework",
				"${TARGET_BUILD_DIR}/${FRAMEWORKS_FOLDER_PATH}/FirebaseFirestore.framework",
				"${TARGET_BUILD_DIR}/${FRAMEWORKS_FOLDER_PATH}/FirebaseInstallations.framework",
				"${TARGET_BUILD_DIR}/${FRAMEWORKS_FOLDER_PATH}/FirebaseStorage.framework",
				"${TARGET_BUILD_DIR}/${FRAMEWORKS_FOLDER_PATH}/GTMSessionFetcher.framework",
				"${TARGET_BUILD_DIR}/${FRAMEWORKS_FOLDER_PATH}/GoogleDataTransport.framework",
				"${TARGET_BUILD_DIR}/${FRAMEWORKS_FOLDER_PATH}/GoogleUtilities.framework",
				"${TARGET_BUILD_DIR}/${FRAMEWORKS_FOLDER_PATH}/FBLPromises.framework",
				"${TARGET_BUILD_DIR}/${FRAMEWORKS_FOLDER_PATH}/SwiftyJSON.framework",
				"${TARGET_BUILD_DIR}/${FRAMEWORKS_FOLDER_PATH}/absl.framework",
				"${TARGET_BUILD_DIR}/${FRAMEWORKS_FOLDER_PATH}/grpcpp.framework",
				"${TARGET_BUILD_DIR}/${FRAMEWORKS_FOLDER_PATH}/grpc.framework",
				"${TARGET_BUILD_DIR}/${FRAMEWORKS_FOLDER_PATH}/leveldb.framework",
				"${TARGET_BUILD_DIR}/${FRAMEWORKS_FOLDER_PATH}/nanopb.framework",
			);
			runOnlyForDeploymentPostprocessing = 0;
			shellPath = /bin/sh;
			shellScript = "\"${PODS_ROOT}/Target Support Files/Pods-Road Analyzer/Pods-Road Analyzer-frameworks.sh\"\n";
			showEnvVarsInLog = 0;
		};
		EF132E3DF4133D0CA8BBF87A /* [CP] Check Pods Manifest.lock */ = {
			isa = PBXShellScriptBuildPhase;
			buildActionMask = 2147483647;
			files = (
			);
			inputFileListPaths = (
			);
			inputPaths = (
				"${PODS_PODFILE_DIR_PATH}/Podfile.lock",
				"${PODS_ROOT}/Manifest.lock",
			);
			name = "[CP] Check Pods Manifest.lock";
			outputFileListPaths = (
			);
			outputPaths = (
				"$(DERIVED_FILE_DIR)/Pods-Road Analyzer-checkManifestLockResult.txt",
			);
			runOnlyForDeploymentPostprocessing = 0;
			shellPath = /bin/sh;
			shellScript = "diff \"${PODS_PODFILE_DIR_PATH}/Podfile.lock\" \"${PODS_ROOT}/Manifest.lock\" > /dev/null\nif [ $? != 0 ] ; then\n    # print error to STDERR\n    echo \"error: The sandbox is not in sync with the Podfile.lock. Run 'pod install' or update your CocoaPods installation.\" >&2\n    exit 1\nfi\n# This output is used by Xcode 'outputs' to avoid re-running this script phase.\necho \"SUCCESS\" > \"${SCRIPT_OUTPUT_FILE_0}\"\n";
			showEnvVarsInLog = 0;
		};
/* End PBXShellScriptBuildPhase section */

/* Begin PBXSourcesBuildPhase section */
		5320B84D1AFD59C0008854DF /* Sources */ = {
			isa = PBXSourcesBuildPhase;
			buildActionMask = 2147483647;
			files = (
				C8814F3C25DEFA8600ECDA0F /* ObjectDetector.mlmodel in Sources */,
				C805AAFF25C223E4000BE0D9 /* ProfileViewController.swift in Sources */,
				C86AA2AE25DEE8EA00793391 /* ViewControllerML.swift in Sources */,
				C818873825BB7CFB00530E06 /* DataCollectorPage.swift in Sources */,
				AF572AFB22C6BEF600D3BF96 /* AppDelegate.swift in Sources */,
				C82844D125EA73E90091BC5B /* ViewControllerPlanner.swift in Sources */,
				AF572AFA22C6BEF600D3BF96 /* ViewController.swift in Sources */,
				C873D5A825BCC07B0006BA33 /* LoginPageViewController.swift in Sources */,
				C8E9F36525AF703E000D35CC /* CHCSVParser.m in Sources */,
				C82844D825ED775E0091BC5B /* DetailedPlannerViewController.swift in Sources */,
				C82844D525EAFAC10091BC5B /* Area.swift in Sources */,
				C86AA2AB25DEE8B400793391 /* VisionObjectRecognitionViewController.swift in Sources */,
				C8905A4D25FE848100BDBA78 /* LocationManager.swift in Sources */,
			);
			runOnlyForDeploymentPostprocessing = 0;
		};
/* End PBXSourcesBuildPhase section */

/* Begin PBXVariantGroup section */
		53A0CE471FBCC15600083090 /* LaunchScreen.storyboard */ = {
			isa = PBXVariantGroup;
			children = (
				53A0CE481FBCC15600083090 /* Base */,
			);
			name = LaunchScreen.storyboard;
			sourceTree = "<group>";
		};
		53A0CE491FBCC15700083090 /* Main.storyboard */ = {
			isa = PBXVariantGroup;
			children = (
				53A0CE4A1FBCC15700083090 /* Base */,
			);
			name = Main.storyboard;
			sourceTree = "<group>";
		};
		53A851381FE1D3460003FE24 /* InfoPlist.strings */ = {
			isa = PBXVariantGroup;
			children = (
				53A851391FE1D3460003FE24 /* en */,
			);
			name = InfoPlist.strings;
			sourceTree = "<group>";
		};
/* End PBXVariantGroup section */

/* Begin XCBuildConfiguration section */
		5320B8701AFD59C0008854DF /* Debug */ = {
			isa = XCBuildConfiguration;
			baseConfigurationReference = 6FE371006FE3BF8000000001 /* SampleCode.xcconfig */;
			buildSettings = {
				ALWAYS_SEARCH_USER_PATHS = NO;
				CLANG_ANALYZER_LOCALIZABILITY_NONLOCALIZED = YES;
				CLANG_CXX_LANGUAGE_STANDARD = "gnu++0x";
				CLANG_CXX_LIBRARY = "libc++";
				CLANG_ENABLE_MODULES = YES;
				CLANG_ENABLE_OBJC_ARC = YES;
				CLANG_WARN_BLOCK_CAPTURE_AUTORELEASING = YES;
				CLANG_WARN_BOOL_CONVERSION = YES;
				CLANG_WARN_COMMA = YES;
				CLANG_WARN_CONSTANT_CONVERSION = YES;
				CLANG_WARN_DEPRECATED_OBJC_IMPLEMENTATIONS = YES;
				CLANG_WARN_DIRECT_OBJC_ISA_USAGE = YES_ERROR;
				CLANG_WARN_EMPTY_BODY = YES;
				CLANG_WARN_ENUM_CONVERSION = YES;
				CLANG_WARN_INFINITE_RECURSION = YES;
				CLANG_WARN_INT_CONVERSION = YES;
				CLANG_WARN_NON_LITERAL_NULL_CONVERSION = YES;
				CLANG_WARN_OBJC_IMPLICIT_RETAIN_SELF = YES;
				CLANG_WARN_OBJC_LITERAL_CONVERSION = YES;
				CLANG_WARN_OBJC_ROOT_CLASS = YES_ERROR;
				CLANG_WARN_QUOTED_INCLUDE_IN_FRAMEWORK_HEADER = YES;
				CLANG_WARN_RANGE_LOOP_ANALYSIS = YES;
				CLANG_WARN_STRICT_PROTOTYPES = YES;
				CLANG_WARN_SUSPICIOUS_MOVE = YES;
				CLANG_WARN_UNREACHABLE_CODE = YES;
				CLANG_WARN__DUPLICATE_METHOD_MATCH = YES;
				CODE_SIGN_IDENTITY = "iPhone Developer";
				COPY_PHASE_STRIP = NO;
				DEBUG_INFORMATION_FORMAT = "dwarf-with-dsym";
				ENABLE_STRICT_OBJC_MSGSEND = YES;
				ENABLE_TESTABILITY = YES;
				GCC_C_LANGUAGE_STANDARD = gnu99;
				GCC_DYNAMIC_NO_PIC = NO;
				GCC_NO_COMMON_BLOCKS = YES;
				GCC_OPTIMIZATION_LEVEL = 0;
				GCC_PREPROCESSOR_DEFINITIONS = (
					"DEBUG=1",
					"$(inherited)",
				);
				GCC_SYMBOLS_PRIVATE_EXTERN = NO;
				GCC_WARN_64_TO_32_BIT_CONVERSION = YES;
				GCC_WARN_ABOUT_RETURN_TYPE = YES_ERROR;
				GCC_WARN_UNDECLARED_SELECTOR = YES;
				GCC_WARN_UNINITIALIZED_AUTOS = YES_AGGRESSIVE;
				GCC_WARN_UNUSED_FUNCTION = YES;
				GCC_WARN_UNUSED_VARIABLE = YES;
				HEADER_SEARCH_PATHS = "$(inherited)";
				IPHONEOS_DEPLOYMENT_TARGET = 14.3;
				MTL_ENABLE_DEBUG_INFO = YES;
				ONLY_ACTIVE_ARCH = YES;
				PRODUCT_NAME = "Road Analyzer";
				SDKROOT = iphoneos;
				SWIFT_OPTIMIZATION_LEVEL = "-Onone";
			};
			name = Debug;
		};
		5320B8711AFD59C0008854DF /* Release */ = {
			isa = XCBuildConfiguration;
			baseConfigurationReference = 6FE371006FE3BF8000000001 /* SampleCode.xcconfig */;
			buildSettings = {
				ALWAYS_SEARCH_USER_PATHS = NO;
				CLANG_ANALYZER_LOCALIZABILITY_NONLOCALIZED = YES;
				CLANG_CXX_LANGUAGE_STANDARD = "gnu++0x";
				CLANG_CXX_LIBRARY = "libc++";
				CLANG_ENABLE_MODULES = YES;
				CLANG_ENABLE_OBJC_ARC = YES;
				CLANG_WARN_BLOCK_CAPTURE_AUTORELEASING = YES;
				CLANG_WARN_BOOL_CONVERSION = YES;
				CLANG_WARN_COMMA = YES;
				CLANG_WARN_CONSTANT_CONVERSION = YES;
				CLANG_WARN_DEPRECATED_OBJC_IMPLEMENTATIONS = YES;
				CLANG_WARN_DIRECT_OBJC_ISA_USAGE = YES_ERROR;
				CLANG_WARN_EMPTY_BODY = YES;
				CLANG_WARN_ENUM_CONVERSION = YES;
				CLANG_WARN_INFINITE_RECURSION = YES;
				CLANG_WARN_INT_CONVERSION = YES;
				CLANG_WARN_NON_LITERAL_NULL_CONVERSION = YES;
				CLANG_WARN_OBJC_IMPLICIT_RETAIN_SELF = YES;
				CLANG_WARN_OBJC_LITERAL_CONVERSION = YES;
				CLANG_WARN_OBJC_ROOT_CLASS = YES_ERROR;
				CLANG_WARN_QUOTED_INCLUDE_IN_FRAMEWORK_HEADER = YES;
				CLANG_WARN_RANGE_LOOP_ANALYSIS = YES;
				CLANG_WARN_STRICT_PROTOTYPES = YES;
				CLANG_WARN_SUSPICIOUS_MOVE = YES;
				CLANG_WARN_UNREACHABLE_CODE = YES;
				CLANG_WARN__DUPLICATE_METHOD_MATCH = YES;
				CODE_SIGN_IDENTITY = "iPhone Developer";
				COPY_PHASE_STRIP = NO;
				DEBUG_INFORMATION_FORMAT = "dwarf-with-dsym";
				ENABLE_NS_ASSERTIONS = NO;
				ENABLE_STRICT_OBJC_MSGSEND = YES;
				GCC_C_LANGUAGE_STANDARD = gnu99;
				GCC_NO_COMMON_BLOCKS = YES;
				GCC_WARN_64_TO_32_BIT_CONVERSION = YES;
				GCC_WARN_ABOUT_RETURN_TYPE = YES_ERROR;
				GCC_WARN_UNDECLARED_SELECTOR = YES;
				GCC_WARN_UNINITIALIZED_AUTOS = YES_AGGRESSIVE;
				GCC_WARN_UNUSED_FUNCTION = YES;
				GCC_WARN_UNUSED_VARIABLE = YES;
				HEADER_SEARCH_PATHS = "";
				IPHONEOS_DEPLOYMENT_TARGET = 14.3;
				MTL_ENABLE_DEBUG_INFO = NO;
				PRODUCT_MODULE_NAME = "Road Analyzer";
				PRODUCT_NAME = "Road Analyzer";
				SDKROOT = iphoneos;
				SWIFT_OPTIMIZATION_LEVEL = "-Owholemodule";
				VALIDATE_PRODUCT = YES;
			};
			name = Release;
		};
		5320B8731AFD59C0008854DF /* Debug */ = {
			isa = XCBuildConfiguration;
			baseConfigurationReference = 6FE371006FE3BF8000000001 /* SampleCode.xcconfig */;
			buildSettings = {
				ASSETCATALOG_COMPILER_APPICON_NAME = AppIcon;
				CLANG_ENABLE_MODULES = YES;
				DEVELOPMENT_TEAM = 24CV3U3X75;
				INFOPLIST_FILE = "$(SRCROOT)/PhotoPicker/Info.plist";
				LD_RUNPATH_SEARCH_PATHS = "$(inherited) @executable_path/Frameworks";
				PRODUCT_BUNDLE_IDENTIFIER = com.engr490.photopicker;
				PRODUCT_NAME = "$(TARGET_NAME)";
				PROVISIONING_PROFILE_SPECIFIER = "";
				SWIFT_OBJC_BRIDGING_HEADER = "PhotoPicker-Bridging-Header.h";
				SWIFT_OPTIMIZATION_LEVEL = "-Onone";
				SWIFT_VERSION = 5.0;
				TARGETED_DEVICE_FAMILY = "1,2";
			};
			name = Debug;
		};
		5320B8741AFD59C0008854DF /* Release */ = {
			isa = XCBuildConfiguration;
			baseConfigurationReference = 6FE371006FE3BF8000000001 /* SampleCode.xcconfig */;
			buildSettings = {
				ASSETCATALOG_COMPILER_APPICON_NAME = AppIcon;
				CLANG_ENABLE_MODULES = YES;
				DEVELOPMENT_TEAM = 24CV3U3X75;
				INFOPLIST_FILE = "$(SRCROOT)/PhotoPicker/Info.plist";
				LD_RUNPATH_SEARCH_PATHS = "$(inherited) @executable_path/Frameworks";
				PRODUCT_BUNDLE_IDENTIFIER = com.engr490.photopicker;
				PRODUCT_NAME = "$(TARGET_NAME)";
				PROVISIONING_PROFILE_SPECIFIER = "";
				SWIFT_OBJC_BRIDGING_HEADER = "PhotoPicker-Bridging-Header.h";
				SWIFT_VERSION = 5.0;
				TARGETED_DEVICE_FAMILY = "1,2";
			};
			name = Release;
		};
/* End XCBuildConfiguration section */

/* Begin XCConfigurationList section */
		5320B84C1AFD59C0008854DF /* Build configuration list for PBXProject "Road Analyzer" */ = {
			isa = XCConfigurationList;
			buildConfigurations = (
				5320B8701AFD59C0008854DF /* Debug */,
				5320B8711AFD59C0008854DF /* Release */,
			);
			defaultConfigurationIsVisible = 0;
			defaultConfigurationName = Release;
		};
		5320B8721AFD59C0008854DF /* Build configuration list for PBXNativeTarget "Road Analyzer" */ = {
			isa = XCConfigurationList;
			buildConfigurations = (
				5320B8731AFD59C0008854DF /* Debug */,
				5320B8741AFD59C0008854DF /* Release */,
			);
			defaultConfigurationIsVisible = 0;
			defaultConfigurationName = Release;
		};
/* End XCConfigurationList section */
	};
	rootObject = 5320B8491AFD59C0008854DF /* Project object */;
}
